
Microsoft Visual Studio Solution File, Format Version 12.00
# Visual Studio Version 17
VisualStudioVersion = 17.2.32526.322
MinimumVisualStudioVersion = 10.0.40219.1
Project("{9A19103F-16F7-4668-BE54-9A1E7A4F7556}") = "MinigameIdle", "MinigameIdle.csproj", "{3A1C477F-C2AA-4C55-80EF-5B63835E3BFD}"
EndProject
Global
	GlobalSection(SolutionConfigurationPlatforms) = preSolution
		Debug|Any CPU = Debug|Any CPU
		Release|Any CPU = Release|Any CPU
	EndGlobalSection
	GlobalSection(ProjectConfigurationPlatforms) = postSolution
		{3A1C477F-C2AA-4C55-80EF-5B63835E3BFD}.Debug|Any CPU.ActiveCfg = Debug|Any CPU
		{3A1C477F-C2AA-4C55-80EF-5B63835E3BFD}.Debug|Any CPU.Build.0 = Debug|Any CPU
		{3A1C477F-C2AA-4C55-80EF-5B63835E3BFD}.Release|Any CPU.ActiveCfg = Release|Any CPU
		{3A1C477F-C2AA-4C55-80EF-5B63835E3BFD}.Release|Any CPU.Build.0 = Release|Any CPU
	EndGlobalSection
	GlobalSection(SolutionProperties) = preSolution
		HideSolutionNode = FALSE
	EndGlobalSection
	GlobalSection(ExtensibilityGlobals) = postSolution
		SolutionGuid = {04F886ED-5AE8-4523-845D-204C408033B5}
	EndGlobalSection
EndGlobal
